// !$*UTF8*$!
{
	archiveVersion = 1;
	classes = {
	};
	objectVersion = 77;
	objects = {

/* Begin PBXBuildFile section */
		FA110F042F5E4E1003DE626 /* Network.framework in Frameworks */ = {isa = PBXBuildFile; fileRef = FA110F032F5E4E1003DE626 /* Network.framework */; };
		FA111D252F5E54BE00F67CF9 /* LCLWebSocket in Frameworks */ = {isa = PBXBuildFile; productRef = FA111D242F5E54BE00F67CF9 /* LCLWebSocket */; };
		FA111E572F5E609000F67CF9 /* Models in Frameworks */ = {isa = PBXBuildFile; productRef = FA111E562F5E609000F67CF9 /* Models */; };
		FA111FAA2F5E691400F67CF9 /* Models in Frameworks */ = {isa = PBXBuildFile; productRef = FA111E562F5E609000F67CF9 /* Models */; };
		FA111FAB2F5E691400F67CF9 /* Models in Frameworks */ = {isa = PBXBuildFile; productRef = FA111E562F5E609000F67CF9 /* Models */; };
		FA1120FA2F5E776F00F67CF9 /* Models in Frameworks */ = {isa = PBXBuildFile; productRef = FA1120F92F5E776F00F67CF9 /* Models */; };
		FA6D90A32F3B334E003DE626 /* ASKCoordinator in Frameworks */ = {isa = PBXBuildFile; productRef = FA6D90A22F3B334E003DE626 /* ASKCoordinator */; };
		FA6D90A62F3B3389003DE626 /* Knit in Frameworks */ = {isa = PBXBuildFile; productRef = FA6D90A52F3B3389003DE626 /* Knit */; };
		FA6D90A82F3B3389003DE626 /* KnitMacros in Frameworks */ = {isa = PBXBuildFile; productRef = FA6D90A72F3B3389003DE626 /* KnitMacros */; };
		FA6D90B82F3B34B7003DE626 /* knitconfig.json in Resources */ = {isa = PBXBuildFile; fileRef = FA6D90B72F3B34B7003DE626 /* knitconfig.json */; };
		FA777FFF2F3FE15E000C40C3 /* ASKCore in Frameworks */ = {isa = PBXBuildFile; productRef = FA777FFE2F3FE15E000C40C3 /* ASKCore */; };
		FB0000000000000000000003 /* SnapshotTesting in Frameworks */ = {isa = PBXBuildFile; productRef = FB0000000000000000000002 /* SnapshotTesting */; };
/* End PBXBuildFile section */

/* Begin PBXContainerItemProxy section */
		FAE3A1AD2F552500008860EC /* PBXContainerItemProxy */ = {
			isa = PBXContainerItemProxy;
			containerPortal = FA6D908A2F3B32F1003DE626 /* Project object */;
			proxyType = 1;
			remoteGlobalIDString = FA6D90912F3B32F1003DE626;
			remoteInfo = Items;
		};
		FB000000000000000000000A /* PBXContainerItemProxy */ = {
			isa = PBXContainerItemProxy;
			containerPortal = FA6D908A2F3B32F1003DE626 /* Project object */;
			proxyType = 1;
			remoteGlobalIDString = FA6D90912F3B32F1003DE626;
			remoteInfo = Items;
		};
/* End PBXContainerItemProxy section */

/* Begin PBXCopyFilesBuildPhase section */
		FA110EFA2F5E4E0D00F67CF9 /* CopyFiles */ = {
			isa = PBXCopyFilesBuildPhase;
			buildActionMask = 2147483647;
			dstPath = /usr/share/man/man1/;
			dstSubfolderSpec = 0;
			files = (
			);
			runOnlyForDeploymentPostprocessing = 1;
		};
/* End PBXCopyFilesBuildPhase section */

/* Begin PBXFileReference section */
		FA110EFC2F5E4E0D00F67CF9 /* ItemsDebugger */ = {isa = PBXFileReference; explicitFileType = "compiled.mach-o.executable"; includeInIndex = 0; path = ItemsDebugger; sourceTree = BUILT_PRODUCTS_DIR; };
		FA110F032F5E4E1003DE626 /* Network.framework */ = {isa = PBXFileReference; lastKnownFileType = wrapper.framework; name = Network.framework; path = System/Library/Frameworks/Network.framework; sourceTree = SDKROOT; };
		FA6D90922F3B32F1003DE626 /* Items.app */ = {isa = PBXFileReference; explicitFileType = wrapper.application; includeInIndex = 0; path = Items.app; sourceTree = BUILT_PRODUCTS_DIR; };
		FA6D90B72F3B34B7003DE626 /* knitconfig.json */ = {isa = PBXFileReference; lastKnownFileType = text.json; path = knitconfig.json; sourceTree = "<group>"; };
		FAE3A1A92F552500008860EC /* ItemsUnitTests.xctest */ = {isa = PBXFileReference; explicitFileType = wrapper.cfbundle; includeInIndex = 0; path = ItemsUnitTests.xctest; sourceTree = BUILT_PRODUCTS_DIR; };
		FB0000000000000000000006 /* ItemsSnapshotTests.xctest */ = {isa = PBXFileReference; explicitFileType = wrapper.cfbundle; includeInIndex = 0; path = ItemsSnapshotTests.xctest; sourceTree = BUILT_PRODUCTS_DIR; };
/* End PBXFileReference section */

/* Begin PBXFileSystemSynchronizedRootGroup section */
		FA110EFD2F5E4E0D00F67CF9 /* ItemsDebugger */ = {
			isa = PBXFileSystemSynchronizedRootGroup;
			path = ItemsDebugger;
			sourceTree = "<group>";
		};
		FA6D90942F3B32F1003DE626 /* Items */ = {
			isa = PBXFileSystemSynchronizedRootGroup;
			path = Items;
			sourceTree = "<group>";
		};
		FAE3A1AA2F552500008860EC /* ItemsUnitTests */ = {
			isa = PBXFileSystemSynchronizedRootGroup;
			path = ItemsUnitTests;
			sourceTree = "<group>";
		};
		FB0000000000000000000005 /* ItemsSnapshotTests */ = {
			isa = PBXFileSystemSynchronizedRootGroup;
			path = ItemsSnapshotTests;
			sourceTree = "<group>";
		};
/* End PBXFileSystemSynchronizedRootGroup section */

/* Begin PBXFrameworksBuildPhase section */
		FA110EF92F5E4E0D00F67CF9 /* Frameworks */ = {
			isa = PBXFrameworksBuildPhase;
			buildActionMask = 2147483647;
			files = (
				FA1120FA2F5E776F00F67CF9 /* Models in Frameworks */,
				FA111D252F5E54BE00F67CF9 /* LCLWebSocket in Frameworks */,
				FA110F042F5E4E1003DE626 /* Network.framework in Frameworks */,
			);
			runOnlyForDeploymentPostprocessing = 0;
		};
		FA6D908F2F3B32F1003DE626 /* Frameworks */ = {
			isa = PBXFrameworksBuildPhase;
			buildActionMask = 2147483647;
			files = (
				FA111E572F5E609000F67CF9 /* Models in Frameworks */,
				FA6D90A62F3B3389003DE626 /* Knit in Frameworks */,
				FA6D90A82F3B3389003DE626 /* KnitMacros in Frameworks */,
				FA6D90A32F3B334E003DE626 /* ASKCoordinator in Frameworks */,
				FA777FFF2F3FE15E000C40C3 /* ASKCore in Frameworks */,
			);
			runOnlyForDeploymentPostprocessing = 0;
		};
		FAE3A1A62F552500008860EC /* Frameworks */ = {
			isa = PBXFrameworksBuildPhase;
			buildActionMask = 2147483647;
			files = (
				FA111FAA2F5E691400F67CF9 /* Models in Frameworks */,
			);
			runOnlyForDeploymentPostprocessing = 0;
		};
		FB0000000000000000000008 /* Frameworks */ = {
			isa = PBXFrameworksBuildPhase;
			buildActionMask = 2147483647;
			files = (
				FA111FAB2F5E691400F67CF9 /* Models in Frameworks */,
				FB0000000000000000000003 /* SnapshotTesting in Frameworks */,
			);
			runOnlyForDeploymentPostprocessing = 0;
		};
/* End PBXFrameworksBuildPhase section */

/* Begin PBXGroup section */
		FA11115D2F5E50AD00F67CF9 /* Recovered References */ = {
			isa = PBXGroup;
			children = (
				FA110F032F5E4E1003DE626 /* Network.framework */,
			);
			name = "Recovered References";
			sourceTree = "<group>";
		};
		FA1120F82F5E776F00F67CF9 /* Frameworks */ = {
			isa = PBXGroup;
			children = (
			);
			name = Frameworks;
			sourceTree = "<group>";
		};
		FA6D90892F3B32F1003DE626 = {
			isa = PBXGroup;
			children = (
				FA6D90B72F3B34B7003DE626 /* knitconfig.json */,
				FA6D90942F3B32F1003DE626 /* Items */,
				FAE3A1AA2F552500008860EC /* ItemsUnitTests */,
				FB0000000000000000000005 /* ItemsSnapshotTests */,
				FA110EFD2F5E4E0D00F67CF9 /* ItemsDebugger */,
				FA6D90932F3B32F1003DE626 /* Products */,
				FA11115D2F5E50AD00F67CF9 /* Recovered References */,
				FA1120F82F5E776F00F67CF9 /* Frameworks */,
			);
			sourceTree = "<group>";
		};
		FA6D90932F3B32F1003DE626 /* Products */ = {
			isa = PBXGroup;
			children = (
				FA6D90922F3B32F1003DE626 /* Items.app */,
				FAE3A1A92F552500008860EC /* ItemsUnitTests.xctest */,
				FB0000000000000000000006 /* ItemsSnapshotTests.xctest */,
				FA110EFC2F5E4E0D00F67CF9 /* ItemsDebugger */,
			);
			name = Products;
			sourceTree = "<group>";
		};
/* End PBXGroup section */

/* Begin PBXNativeTarget section */
		FA110EFB2F5E4E0D00F67CF9 /* ItemsDebugger */ = {
			isa = PBXNativeTarget;
			buildConfigurationList = FA110F002F5E4E0D00F67CF9 /* Build configuration list for PBXNativeTarget "ItemsDebugger" */;
			buildPhases = (
				FA110EF82F5E4E0D00F67CF9 /* Sources */,
				FA110EF92F5E4E0D00F67CF9 /* Frameworks */,
				FA110EFA2F5E4E0D00F67CF9 /* CopyFiles */,
			);
			buildRules = (
			);
			dependencies = (
			);
			fileSystemSynchronizedGroups = (
				FA110EFD2F5E4E0D00F67CF9 /* ItemsDebugger */,
			);
			name = ItemsDebugger;
			packageProductDependencies = (
				FA111D242F5E54BE00F67CF9 /* LCLWebSocket */,
				FA1120F92F5E776F00F67CF9 /* Models */,
			);
			productName = ItemsDebugger;
			productReference = FA110EFC2F5E4E0D00F67CF9 /* ItemsDebugger */;
			productType = "com.apple.product-type.tool";
		};
		FA6D90912F3B32F1003DE626 /* Items */ = {
			isa = PBXNativeTarget;
			buildConfigurationList = FA6D909D2F3B32F3003DE626 /* Build configuration list for PBXNativeTarget "Items" */;
			buildPhases = (
				FA6D908E2F3B32F1003DE626 /* Sources */,
				FA6D908F2F3B32F1003DE626 /* Frameworks */,
				FA6D90902F3B32F1003DE626 /* Resources */,
			);
			buildRules = (
			);
			dependencies = (
				FA6D90BA2F3B34FC003DE626 /* PBXTargetDependency */,
			);
			fileSystemSynchronizedGroups = (
				FA6D90942F3B32F1003DE626 /* Items */,
			);
			name = Items;
			packageProductDependencies = (
				FA6D90A22F3B334E003DE626 /* ASKCoordinator */,
				FA6D90A52F3B3389003DE626 /* Knit */,
				FA6D90A72F3B3389003DE626 /* KnitMacros */,
				FA777FFE2F3FE15E000C40C3 /* ASKCore */,
				FA111E562F5E609000F67CF9 /* Models */,
			);
			productName = Items;
			productReference = FA6D90922F3B32F1003DE626 /* Items.app */;
			productType = "com.apple.product-type.application";
		};
		FAE3A1A82F552500008860EC /* ItemsUnitTests */ = {
			isa = PBXNativeTarget;
			buildConfigurationList = FAE3A1AF2F552500008860EC /* Build configuration list for PBXNativeTarget "ItemsUnitTests" */;
			buildPhases = (
				FAE3A1A52F552500008860EC /* Sources */,
				FAE3A1A62F552500008860EC /* Frameworks */,
				FAE3A1A72F552500008860EC /* Resources */,
			);
			buildRules = (
			);
			dependencies = (
				FAE3A1AE2F552500008860EC /* PBXTargetDependency */,
			);
			fileSystemSynchronizedGroups = (
				FAE3A1AA2F552500008860EC /* ItemsUnitTests */,
			);
			name = ItemsUnitTests;
			packageProductDependencies = (
				FA111E562F5E609000F67CF9 /* Models */,
			);
			productName = ItemsUnitTests;
			productReference = FAE3A1A92F552500008860EC /* ItemsUnitTests.xctest */;
			productType = "com.apple.product-type.bundle.unit-test";
		};
		FB0000000000000000000004 /* ItemsSnapshotTests */ = {
			isa = PBXNativeTarget;
			buildConfigurationList = FB000000000000000000000C /* Build configuration list for PBXNativeTarget "ItemsSnapshotTests" */;
			buildPhases = (
				FB0000000000000000000007 /* Sources */,
				FB0000000000000000000008 /* Frameworks */,
				FB0000000000000000000009 /* Resources */,
			);
			buildRules = (
			);
			dependencies = (
				FB000000000000000000000B /* PBXTargetDependency */,
			);
			fileSystemSynchronizedGroups = (
				FB0000000000000000000005 /* ItemsSnapshotTests */,
			);
			name = ItemsSnapshotTests;
			packageProductDependencies = (
				FA111E562F5E609000F67CF9 /* Models */,
				FB0000000000000000000002 /* SnapshotTesting */,
			);
			productName = ItemsSnapshotTests;
			productReference = FB0000000000000000000006 /* ItemsSnapshotTests.xctest */;
			productType = "com.apple.product-type.bundle.unit-test";
		};
/* End PBXNativeTarget section */

/* Begin PBXProject section */
		FA6D908A2F3B32F1003DE626 /* Project object */ = {
			isa = PBXProject;
			attributes = {
				BuildIndependentTargetsInParallel = 1;
				LastSwiftUpdateCheck = 2630;
				LastUpgradeCheck = 2620;
				TargetAttributes = {
					FA110EFB2F5E4E0D00F67CF9 = {
						CreatedOnToolsVersion = 26.3;
					};
					FA6D90912F3B32F1003DE626 = {
						CreatedOnToolsVersion = 26.2;
					};
					FAE3A1A82F552500008860EC = {
						CreatedOnToolsVersion = 26.3;
						TestTargetID = FA6D90912F3B32F1003DE626;
					};
					FB0000000000000000000004 = {
						CreatedOnToolsVersion = 26.3;
						TestTargetID = FA6D90912F3B32F1003DE626;
					};
				};
			};
			buildConfigurationList = FA6D908D2F3B32F1003DE626 /* Build configuration list for PBXProject "Items" */;
			developmentRegion = en;
			hasScannedForEncodings = 0;
			knownRegions = (
				en,
				Base,
			);
			mainGroup = FA6D90892F3B32F1003DE626;
			minimizedProjectReferenceProxies = 1;
			packageReferences = (
				FA6D90A12F3B334E003DE626 /* XCRemoteSwiftPackageReference "ASKCoordinator" */,
				FA6D90A42F3B3389003DE626 /* XCRemoteSwiftPackageReference "knit" */,
				FA777FFD2F3FE15E000C40C3 /* XCRemoteSwiftPackageReference "ASKCore" */,
				FB0000000000000000000001 /* XCRemoteSwiftPackageReference "swift-snapshot-testing" */,
				FA111D232F5E54BE00F67CF9 /* XCRemoteSwiftPackageReference "lcl-websocket" */,
				FA111E552F5E608F00F67CF9 /* XCLocalSwiftPackageReference "Modules/Models" */,
			);
			preferredProjectObjectVersion = 77;
			productRefGroup = FA6D90932F3B32F1003DE626 /* Products */;
			projectDirPath = "";
			projectRoot = "";
			targets = (
				FA6D90912F3B32F1003DE626 /* Items */,
				FAE3A1A82F552500008860EC /* ItemsUnitTests */,
				FB0000000000000000000004 /* ItemsSnapshotTests */,
				FA110EFB2F5E4E0D00F67CF9 /* ItemsDebugger */,
			);
		};
/* End PBXProject section */

/* Begin PBXResourcesBuildPhase section */
		FA6D90902F3B32F1003DE626 /* Resources */ = {
			isa = PBXResourcesBuildPhase;
			buildActionMask = 2147483647;
			files = (
				FA6D90B82F3B34B7003DE626 /* knitconfig.json in Resources */,
			);
			runOnlyForDeploymentPostprocessing = 0;
		};
		FAE3A1A72F552500008860EC /* Resources */ = {
			isa = PBXResourcesBuildPhase;
			buildActionMask = 2147483647;
			files = (
			);
			runOnlyForDeploymentPostprocessing = 0;
		};
		FB0000000000000000000009 /* Resources */ = {
			isa = PBXResourcesBuildPhase;
			buildActionMask = 2147483647;
			files = (
			);
			runOnlyForDeploymentPostprocessing = 0;
		};
/* End PBXResourcesBuildPhase section */

/* Begin PBXSourcesBuildPhase section */
		FA110EF82F5E4E0D00F67CF9 /* Sources */ = {
			isa = PBXSourcesBuildPhase;
			buildActionMask = 2147483647;
			files = (
			);
			runOnlyForDeploymentPostprocessing = 0;
		};
		FA6D908E2F3B32F1003DE626 /* Sources */ = {
			isa = PBXSourcesBuildPhase;
			buildActionMask = 2147483647;
			files = (
			);
			runOnlyForDeploymentPostprocessing = 0;
		};
		FAE3A1A52F552500008860EC /* Sources */ = {
			isa = PBXSourcesBuildPhase;
			buildActionMask = 2147483647;
			files = (
			);
			runOnlyForDeploymentPostprocessing = 0;
		};
		FB0000000000000000000007 /* Sources */ = {
			isa = PBXSourcesBuildPhase;
			buildActionMask = 2147483647;
			files = (
			);
			runOnlyForDeploymentPostprocessing = 0;
		};
/* End PBXSourcesBuildPhase section */

/* Begin PBXTargetDependency section */
		FA6D90BA2F3B34FC003DE626 /* PBXTargetDependency */ = {
			isa = PBXTargetDependency;
			productRef = FA6D90B92F3B34FC003DE626 /* KnitBuildPlugin */;
		};
		FAE3A1AE2F552500008860EC /* PBXTargetDependency */ = {
			isa = PBXTargetDependency;
			target = FA6D90912F3B32F1003DE626 /* Items */;
			targetProxy = FAE3A1AD2F552500008860EC /* PBXContainerItemProxy */;
		};
		FB000000000000000000000B /* PBXTargetDependency */ = {
			isa = PBXTargetDependency;
			target = FA6D90912F3B32F1003DE626 /* Items */;
			targetProxy = FB000000000000000000000A /* PBXContainerItemProxy */;
		};
/* End PBXTargetDependency section */

/* Begin XCBuildConfiguration section */
		FA110F012F5E4E0D00F67CF9 /* Debug */ = {
			isa = XCBuildConfiguration;
			buildSettings = {
				CODE_SIGN_STYLE = Automatic;
				DEVELOPMENT_TEAM = X4S6MUZL2D;
				ENABLE_HARDENED_RUNTIME = YES;
				MACOSX_DEPLOYMENT_TARGET = 26.2;
				PRODUCT_NAME = "$(TARGET_NAME)";
				SDKROOT = macosx;
				SWIFT_APPROACHABLE_CONCURRENCY = YES;
				SWIFT_UPCOMING_FEATURE_MEMBER_IMPORT_VISIBILITY = YES;
				SWIFT_VERSION = 5.0;
			};
			name = Debug;
		};
		FA110F022F5E4E0D00F67CF9 /* Release */ = {
			isa = XCBuildConfiguration;
			buildSettings = {
				CODE_SIGN_STYLE = Automatic;
				DEVELOPMENT_TEAM = X4S6MUZL2D;
				ENABLE_HARDENED_RUNTIME = YES;
				MACOSX_DEPLOYMENT_TARGET = 26.2;
				PRODUCT_NAME = "$(TARGET_NAME)";
				SDKROOT = macosx;
				SWIFT_APPROACHABLE_CONCURRENCY = YES;
				SWIFT_UPCOMING_FEATURE_MEMBER_IMPORT_VISIBILITY = YES;
				SWIFT_VERSION = 5.0;
			};
			name = Release;
		};
		FA6D909B2F3B32F3003DE626 /* Debug */ = {
			isa = XCBuildConfiguration;
			buildSettings = {
				ALWAYS_SEARCH_USER_PATHS = NO;
				ASSETCATALOG_COMPILER_GENERATE_SWIFT_ASSET_SYMBOL_EXTENSIONS = YES;
				CLANG_ANALYZER_NONNULL = YES;
				CLANG_ANALYZER_NUMBER_OBJECT_CONVERSION = YES_AGGRESSIVE;
				CLANG_CXX_LANGUAGE_STANDARD = "gnu++20";
				CLANG_ENABLE_MODULES = YES;
				CLANG_ENABLE_OBJC_ARC = YES;
				CLANG_ENABLE_OBJC_WEAK = YES;
				CLANG_WARN_BLOCK_CAPTURE_AUTORELEASING = YES;
				CLANG_WARN_BOOL_CONVERSION = YES;
				CLANG_WARN_COMMA = YES;
				CLANG_WARN_CONSTANT_CONVERSION = YES;
				CLANG_WARN_DEPRECATED_OBJC_IMPLEMENTATIONS = YES;
				CLANG_WARN_DIRECT_OBJC_ISA_USAGE = YES_ERROR;
				CLANG_WARN_DOCUMENTATION_COMMENTS = YES;
				CLANG_WARN_EMPTY_BODY = YES;
				CLANG_WARN_ENUM_CONVERSION = YES;
				CLANG_WARN_INFINITE_RECURSION = YES;
				CLANG_WARN_INT_CONVERSION = YES;
				CLANG_WARN_NON_LITERAL_NULL_CONVERSION = YES;
				CLANG_WARN_OBJC_IMPLICIT_RETAIN_SELF = YES;
				CLANG_WARN_OBJC_LITERAL_CONVERSION = YES;
				CLANG_WARN_OBJC_ROOT_CLASS = YES_ERROR;
				CLANG_WARN_QUOTED_INCLUDE_IN_FRAMEWORK_HEADER = YES;
				CLANG_WARN_RANGE_LOOP_ANALYSIS = YES;
				CLANG_WARN_STRICT_PROTOTYPES = YES;
				CLANG_WARN_SUSPICIOUS_MOVE = YES;
				CLANG_WARN_UNGUARDED_AVAILABILITY = YES_AGGRESSIVE;
				CLANG_WARN_UNREACHABLE_CODE = YES;
				CLANG_WARN__DUPLICATE_METHOD_MATCH = YES;
				COPY_PHASE_STRIP = NO;
				DEBUG_INFORMATION_FORMAT = dwarf;
				DEVELOPMENT_TEAM = X4S6MUZL2D;
				ENABLE_STRICT_OBJC_MSGSEND = YES;
				ENABLE_TESTABILITY = YES;
				ENABLE_USER_SCRIPT_SANDBOXING = YES;
				GCC_C_LANGUAGE_STANDARD = gnu17;
				GCC_DYNAMIC_NO_PIC = NO;
				GCC_NO_COMMON_BLOCKS = YES;
				GCC_OPTIMIZATION_LEVEL = 0;
				GCC_PREPROCESSOR_DEFINITIONS = (
					"DEBUG=1",
					"$(inherited)",
				);
				GCC_WARN_64_TO_32_BIT_CONVERSION = YES;
				GCC_WARN_ABOUT_RETURN_TYPE = YES_ERROR;
				GCC_WARN_UNDECLARED_SELECTOR = YES;
				GCC_WARN_UNINITIALIZED_AUTOS = YES_AGGRESSIVE;
				GCC_WARN_UNUSED_FUNCTION = YES;
				GCC_WARN_UNUSED_VARIABLE = YES;
				IPHONEOS_DEPLOYMENT_TARGET = 26.2;
				LOCALIZATION_PREFERS_STRING_CATALOGS = YES;
				MTL_ENABLE_DEBUG_INFO = INCLUDE_SOURCE;
				MTL_FAST_MATH = YES;
				ONLY_ACTIVE_ARCH = YES;
				SDKROOT = iphoneos;
				SWIFT_ACTIVE_COMPILATION_CONDITIONS = "DEBUG $(inherited)";
				SWIFT_OPTIMIZATION_LEVEL = "-Onone";
			};
			name = Debug;
		};
		FA6D909C2F3B32F3003DE626 /* Release */ = {
			isa = XCBuildConfiguration;
			buildSettings = {
				ALWAYS_SEARCH_USER_PATHS = NO;
				ASSETCATALOG_COMPILER_GENERATE_SWIFT_ASSET_SYMBOL_EXTENSIONS = YES;
				CLANG_ANALYZER_NONNULL = YES;
				CLANG_ANALYZER_NUMBER_OBJECT_CONVERSION = YES_AGGRESSIVE;
				CLANG_CXX_LANGUAGE_STANDARD = "gnu++20";
				CLANG_ENABLE_MODULES = YES;
				CLANG_ENABLE_OBJC_ARC = YES;
				CLANG_ENABLE_OBJC_WEAK = YES;
				CLANG_WARN_BLOCK_CAPTURE_AUTORELEASING = YES;
				CLANG_WARN_BOOL_CONVERSION = YES;
				CLANG_WARN_COMMA = YES;
				CLANG_WARN_CONSTANT_CONVERSION = YES;
				CLANG_WARN_DEPRECATED_OBJC_IMPLEMENTATIONS = YES;
				CLANG_WARN_DIRECT_OBJC_ISA_USAGE = YES_ERROR;
				CLANG_WARN_DOCUMENTATION_COMMENTS = YES;
				CLANG_WARN_EMPTY_BODY = YES;
				CLANG_WARN_ENUM_CONVERSION = YES;
				CLANG_WARN_INFINITE_RECURSION = YES;
				CLANG_WARN_INT_CONVERSION = YES;
				CLANG_WARN_NON_LITERAL_NULL_CONVERSION = YES;
				CLANG_WARN_OBJC_IMPLICIT_RETAIN_SELF = YES;
				CLANG_WARN_OBJC_LITERAL_CONVERSION = YES;
				CLANG_WARN_OBJC_ROOT_CLASS = YES_ERROR;
				CLANG_WARN_QUOTED_INCLUDE_IN_FRAMEWORK_HEADER = YES;
				CLANG_WARN_RANGE_LOOP_ANALYSIS = YES;
				CLANG_WARN_STRICT_PROTOTYPES = YES;
				CLANG_WARN_SUSPICIOUS_MOVE = YES;
				CLANG_WARN_UNGUARDED_AVAILABILITY = YES_AGGRESSIVE;
				CLANG_WARN_UNREACHABLE_CODE = YES;
				CLANG_WARN__DUPLICATE_METHOD_MATCH = YES;
				COPY_PHASE_STRIP = NO;
				DEBUG_INFORMATION_FORMAT = "dwarf-with-dsym";
				DEVELOPMENT_TEAM = X4S6MUZL2D;
				ENABLE_NS_ASSERTIONS = NO;
				ENABLE_STRICT_OBJC_MSGSEND = YES;
				ENABLE_USER_SCRIPT_SANDBOXING = YES;
				GCC_C_LANGUAGE_STANDARD = gnu17;
				GCC_NO_COMMON_BLOCKS = YES;
				GCC_WARN_64_TO_32_BIT_CONVERSION = YES;
				GCC_WARN_ABOUT_RETURN_TYPE = YES_ERROR;
				GCC_WARN_UNDECLARED_SELECTOR = YES;
				GCC_WARN_UNINITIALIZED_AUTOS = YES_AGGRESSIVE;
				GCC_WARN_UNUSED_FUNCTION = YES;
				GCC_WARN_UNUSED_VARIABLE = YES;
				IPHONEOS_DEPLOYMENT_TARGET = 26.2;
				LOCALIZATION_PREFERS_STRING_CATALOGS = YES;
				MTL_ENABLE_DEBUG_INFO = NO;
				MTL_FAST_MATH = YES;
				SDKROOT = iphoneos;
				SWIFT_COMPILATION_MODE = wholemodule;
				VALIDATE_PRODUCT = YES;
			};
			name = Release;
		};
		FA6D909E2F3B32F3003DE626 /* Debug */ = {
			isa = XCBuildConfiguration;
			buildSettings = {
				ASSETCATALOG_COMPILER_APPICON_NAME = AppIcon;
				ASSETCATALOG_COMPILER_GLOBAL_ACCENT_COLOR_NAME = AccentColor;
				CODE_SIGN_STYLE = Automatic;
				CURRENT_PROJECT_VERSION = 1;
				DEVELOPMENT_TEAM = X4S6MUZL2D;
				ENABLE_PREVIEWS = YES;
				GENERATE_INFOPLIST_FILE = YES;
				INFOPLIST_KEY_NSAllowsLocalNetworking = YES;
				INFOPLIST_KEY_UIApplicationSceneManifest_Generation = YES;
				INFOPLIST_KEY_UIApplicationSupportsIndirectInputEvents = YES;
				INFOPLIST_KEY_UILaunchScreen_Generation = YES;
				INFOPLIST_KEY_UISupportedInterfaceOrientations_iPad = "UIInterfaceOrientationPortrait UIInterfaceOrientationPortraitUpsideDown UIInterfaceOrientationLandscapeLeft UIInterfaceOrientationLandscapeRight";
				INFOPLIST_KEY_UISupportedInterfaceOrientations_iPhone = "UIInterfaceOrientationPortrait UIInterfaceOrientationLandscapeLeft UIInterfaceOrientationLandscapeRight";
				LD_RUNPATH_SEARCH_PATHS = (
					"$(inherited)",
					"@executable_path/Frameworks",
				);
				MARKETING_VERSION = 1.0;
				PRODUCT_BUNDLE_IDENTIFIER = com.skorulis.Items;
				PRODUCT_NAME = "$(TARGET_NAME)";
				STRING_CATALOG_GENERATE_SYMBOLS = YES;
				SWIFT_APPROACHABLE_CONCURRENCY = YES;
				SWIFT_DEFAULT_ACTOR_ISOLATION = MainActor;
				SWIFT_EMIT_LOC_STRINGS = YES;
				SWIFT_UPCOMING_FEATURE_MEMBER_IMPORT_VISIBILITY = YES;
				SWIFT_VERSION = 5.0;
				TARGETED_DEVICE_FAMILY = "1,2";
			};
			name = Debug;
		};
		FA6D909F2F3B32F3003DE626 /* Release */ = {
			isa = XCBuildConfiguration;
			buildSettings = {
				ASSETCATALOG_COMPILER_APPICON_NAME = AppIcon;
				ASSETCATALOG_COMPILER_GLOBAL_ACCENT_COLOR_NAME = AccentColor;
				CODE_SIGN_STYLE = Automatic;
				CURRENT_PROJECT_VERSION = 1;
				DEVELOPMENT_TEAM = X4S6MUZL2D;
				ENABLE_PREVIEWS = YES;
				GENERATE_INFOPLIST_FILE = YES;
				INFOPLIST_KEY_NSAllowsLocalNetworking = YES;
				INFOPLIST_KEY_UIApplicationSceneManifest_Generation = YES;
				INFOPLIST_KEY_UIApplicationSupportsIndirectInputEvents = YES;
				INFOPLIST_KEY_UILaunchScreen_Generation = YES;
				INFOPLIST_KEY_UISupportedInterfaceOrientations_iPad = "UIInterfaceOrientationPortrait UIInterfaceOrientationPortraitUpsideDown UIInterfaceOrientationLandscapeLeft UIInterfaceOrientationLandscapeRight";
				INFOPLIST_KEY_UISupportedInterfaceOrientations_iPhone = "UIInterfaceOrientationPortrait UIInterfaceOrientationLandscapeLeft UIInterfaceOrientationLandscapeRight";
				LD_RUNPATH_SEARCH_PATHS = (
					"$(inherited)",
					"@executable_path/Frameworks",
				);
				MARKETING_VERSION = 1.0;
				PRODUCT_BUNDLE_IDENTIFIER = com.skorulis.Items;
				PRODUCT_NAME = "$(TARGET_NAME)";
				STRING_CATALOG_GENERATE_SYMBOLS = YES;
				SWIFT_APPROACHABLE_CONCURRENCY = YES;
				SWIFT_DEFAULT_ACTOR_ISOLATION = MainActor;
				SWIFT_EMIT_LOC_STRINGS = YES;
				SWIFT_UPCOMING_FEATURE_MEMBER_IMPORT_VISIBILITY = YES;
				SWIFT_VERSION = 5.0;
				TARGETED_DEVICE_FAMILY = "1,2";
			};
			name = Release;
		};
		FAE3A1B02F552500008860EC /* Debug */ = {
			isa = XCBuildConfiguration;
			buildSettings = {
				BUNDLE_LOADER = "$(TEST_HOST)";
				CODE_SIGN_STYLE = Automatic;
				CURRENT_PROJECT_VERSION = 1;
				DEVELOPMENT_TEAM = X4S6MUZL2D;
				GENERATE_INFOPLIST_FILE = YES;
				MARKETING_VERSION = 1.0;
				PRODUCT_BUNDLE_IDENTIFIER = com.skorulis.ItemsUnitTests;
				PRODUCT_NAME = "$(TARGET_NAME)";
				STRING_CATALOG_GENERATE_SYMBOLS = NO;
				SWIFT_APPROACHABLE_CONCURRENCY = YES;
				SWIFT_EMIT_LOC_STRINGS = NO;
				SWIFT_UPCOMING_FEATURE_MEMBER_IMPORT_VISIBILITY = YES;
				SWIFT_VERSION = 5.0;
				TARGETED_DEVICE_FAMILY = "1,2";
				TEST_HOST = "$(BUILT_PRODUCTS_DIR)/Items.app/$(BUNDLE_EXECUTABLE_FOLDER_PATH)/Items";
			};
			name = Debug;
		};
		FAE3A1B12F552500008860EC /* Release */ = {
			isa = XCBuildConfiguration;
			buildSettings = {
				BUNDLE_LOADER = "$(TEST_HOST)";
				CODE_SIGN_STYLE = Automatic;
				CURRENT_PROJECT_VERSION = 1;
				DEVELOPMENT_TEAM = X4S6MUZL2D;
				GENERATE_INFOPLIST_FILE = YES;
				MARKETING_VERSION = 1.0;
				PRODUCT_BUNDLE_IDENTIFIER = com.skorulis.ItemsUnitTests;
				PRODUCT_NAME = "$(TARGET_NAME)";
				STRING_CATALOG_GENERATE_SYMBOLS = NO;
				SWIFT_APPROACHABLE_CONCURRENCY = YES;
				SWIFT_EMIT_LOC_STRINGS = NO;
				SWIFT_UPCOMING_FEATURE_MEMBER_IMPORT_VISIBILITY = YES;
				SWIFT_VERSION = 5.0;
				TARGETED_DEVICE_FAMILY = "1,2";
				TEST_HOST = "$(BUILT_PRODUCTS_DIR)/Items.app/$(BUNDLE_EXECUTABLE_FOLDER_PATH)/Items";
			};
			name = Release;
		};
		FB000000000000000000000D /* Debug */ = {
			isa = XCBuildConfiguration;
			buildSettings = {
				BUNDLE_LOADER = "$(TEST_HOST)";
				CODE_SIGN_STYLE = Automatic;
				CURRENT_PROJECT_VERSION = 1;
				DEVELOPMENT_TEAM = X4S6MUZL2D;
				GENERATE_INFOPLIST_FILE = YES;
				MARKETING_VERSION = 1.0;
				PRODUCT_BUNDLE_IDENTIFIER = com.skorulis.ItemsSnapshotTests;
				PRODUCT_NAME = "$(TARGET_NAME)";
				STRING_CATALOG_GENERATE_SYMBOLS = NO;
				SWIFT_APPROACHABLE_CONCURRENCY = YES;
				SWIFT_EMIT_LOC_STRINGS = NO;
				SWIFT_UPCOMING_FEATURE_MEMBER_IMPORT_VISIBILITY = YES;
				SWIFT_VERSION = 5.0;
				TARGETED_DEVICE_FAMILY = "1,2";
				TEST_HOST = "$(BUILT_PRODUCTS_DIR)/Items.app/$(BUNDLE_EXECUTABLE_FOLDER_PATH)/Items";
			};
			name = Debug;
		};
		FB000000000000000000000E /* Release */ = {
			isa = XCBuildConfiguration;
			buildSettings = {
				BUNDLE_LOADER = "$(TEST_HOST)";
				CODE_SIGN_STYLE = Automatic;
				CURRENT_PROJECT_VERSION = 1;
				DEVELOPMENT_TEAM = X4S6MUZL2D;
				GENERATE_INFOPLIST_FILE = YES;
				MARKETING_VERSION = 1.0;
				PRODUCT_BUNDLE_IDENTIFIER = com.skorulis.ItemsSnapshotTests;
				PRODUCT_NAME = "$(TARGET_NAME)";
				STRING_CATALOG_GENERATE_SYMBOLS = NO;
				SWIFT_APPROACHABLE_CONCURRENCY = YES;
				SWIFT_EMIT_LOC_STRINGS = NO;
				SWIFT_UPCOMING_FEATURE_MEMBER_IMPORT_VISIBILITY = YES;
				SWIFT_VERSION = 5.0;
				TARGETED_DEVICE_FAMILY = "1,2";
				TEST_HOST = "$(BUILT_PRODUCTS_DIR)/Items.app/$(BUNDLE_EXECUTABLE_FOLDER_PATH)/Items";
			};
			name = Release;
		};
/* End XCBuildConfiguration section */

/* Begin XCConfigurationList section */
		FA110F002F5E4E0D00F67CF9 /* Build configuration list for PBXNativeTarget "ItemsDebugger" */ = {
			isa = XCConfigurationList;
			buildConfigurations = (
				FA110F012F5E4E0D00F67CF9 /* Debug */,
				FA110F022F5E4E0D00F67CF9 /* Release */,
			);
			defaultConfigurationIsVisible = 0;
			defaultConfigurationName = Release;
		};
		FA6D908D2F3B32F1003DE626 /* Build configuration list for PBXProject "Items" */ = {
			isa = XCConfigurationList;
			buildConfigurations = (
				FA6D909B2F3B32F3003DE626 /* Debug */,
				FA6D909C2F3B32F3003DE626 /* Release */,
			);
			defaultConfigurationIsVisible = 0;
			defaultConfigurationName = Release;
		};
		FA6D909D2F3B32F3003DE626 /* Build configuration list for PBXNativeTarget "Items" */ = {
			isa = XCConfigurationList;
			buildConfigurations = (
				FA6D909E2F3B32F3003DE626 /* Debug */,
				FA6D909F2F3B32F3003DE626 /* Release */,
			);
			defaultConfigurationIsVisible = 0;
			defaultConfigurationName = Release;
		};
		FAE3A1AF2F552500008860EC /* Build configuration list for PBXNativeTarget "ItemsUnitTests" */ = {
			isa = XCConfigurationList;
			buildConfigurations = (
				FAE3A1B02F552500008860EC /* Debug */,
				FAE3A1B12F552500008860EC /* Release */,
			);
			defaultConfigurationIsVisible = 0;
			defaultConfigurationName = Release;
		};
		FB000000000000000000000C /* Build configuration list for PBXNativeTarget "ItemsSnapshotTests" */ = {
			isa = XCConfigurationList;
			buildConfigurations = (
				FB000000000000000000000D /* Debug */,
				FB000000000000000000000E /* Release */,
			);
			defaultConfigurationIsVisible = 0;
			defaultConfigurationName = Release;
		};
/* End XCConfigurationList section */

/* Begin XCLocalSwiftPackageReference section */
		FA111E552F5E608F00F67CF9 /* XCLocalSwiftPackageReference "Modules/Models" */ = {
			isa = XCLocalSwiftPackageReference;
			relativePath = Modules/Models;
		};
/* End XCLocalSwiftPackageReference section */

/* Begin XCRemoteSwiftPackageReference section */
		FA111D232F5E54BE00F67CF9 /* XCRemoteSwiftPackageReference "lcl-websocket" */ = {
			isa = XCRemoteSwiftPackageReference;
			repositoryURL = "https://github.com/Local-Connectivity-Lab/lcl-websocket";
			requirement = {
				kind = upToNextMajorVersion;
				minimumVersion = 1.1.1;
			};
		};
		FA6D90A12F3B334E003DE626 /* XCRemoteSwiftPackageReference "ASKCoordinator" */ = {
			isa = XCRemoteSwiftPackageReference;
			repositoryURL = "https://github.com/skorulis/ASKCoordinator";
			requirement = {
				branch = main;
				kind = branch;
			};
		};
		FA6D90A42F3B3389003DE626 /* XCRemoteSwiftPackageReference "knit" */ = {
			isa = XCRemoteSwiftPackageReference;
			repositoryURL = "https://github.com/cashapp/knit";
			requirement = {
				branch = "skorulis/resolver-class";
				kind = branch;
			};
		};
		FA777FFD2F3FE15E000C40C3 /* XCRemoteSwiftPackageReference "ASKCore" */ = {
			isa = XCRemoteSwiftPackageReference;
			repositoryURL = "https://github.com/skorulis/ASKCore";
			requirement = {
				branch = main;
				kind = branch;
			};
		};
		FB0000000000000000000001 /* XCRemoteSwiftPackageReference "swift-snapshot-testing" */ = {
			isa = XCRemoteSwiftPackageReference;
			repositoryURL = "https://github.com/pointfreeco/swift-snapshot-testing";
			requirement = {
				kind = upToNextMajorVersion;
				minimumVersion = 1.12.0;
			};
		};
/* End XCRemoteSwiftPackageReference section */

/* Begin XCSwiftPackageProductDependency section */
		FA111D242F5E54BE00F67CF9 /* LCLWebSocket */ = {
			isa = XCSwiftPackageProductDependency;
			package = FA111D232F5E54BE00F67CF9 /* XCRemoteSwiftPackageReference "lcl-websocket" */;
			productName = LCLWebSocket;
		};
		FA111E562F5E609000F67CF9 /* Models */ = {
			isa = XCSwiftPackageProductDependency;
			productName = Models;
		};
		FA1120F92F5E776F00F67CF9 /* Models */ = {
			isa = XCSwiftPackageProductDependency;
			package = FA111E552F5E608F00F67CF9 /* XCLocalSwiftPackageReference "Modules/Models" */;
			productName = Models;
		};
		FA6D90A22F3B334E003DE626 /* ASKCoordinator */ = {
			isa = XCSwiftPackageProductDependency;
			package = FA6D90A12F3B334E003DE626 /* XCRemoteSwiftPackageReference "ASKCoordinator" */;
			productName = ASKCoordinator;
		};
		FA6D90A52F3B3389003DE626 /* Knit */ = {
			isa = XCSwiftPackageProductDependency;
			package = FA6D90A42F3B3389003DE626 /* XCRemoteSwiftPackageReference "knit" */;
			productName = Knit;
		};
		FA6D90A72F3B3389003DE626 /* KnitMacros */ = {
			isa = XCSwiftPackageProductDependency;
			package = FA6D90A42F3B3389003DE626 /* XCRemoteSwiftPackageReference "knit" */;
			productName = KnitMacros;
		};
		FA6D90B92F3B34FC003DE626 /* KnitBuildPlugin */ = {
			isa = XCSwiftPackageProductDependency;
			package = FA6D90A42F3B3389003DE626 /* XCRemoteSwiftPackageReference "knit" */;
			productName = "plugin:KnitBuildPlugin";
		};
		FA777FFE2F3FE15E000C40C3 /* ASKCore */ = {
			isa = XCSwiftPackageProductDependency;
			package = FA777FFD2F3FE15E000C40C3 /* XCRemoteSwiftPackageReference "ASKCore" */;
			productName = ASKCore;
		};
		FB0000000000000000000002 /* SnapshotTesting */ = {
			isa = XCSwiftPackageProductDependency;
			package = FB0000000000000000000001 /* XCRemoteSwiftPackageReference "swift-snapshot-testing" */;
			productName = SnapshotTesting;
		};
/* End XCSwiftPackageProductDependency section */
	};
	rootObject = FA6D908A2F3B32F1003DE626 /* Project object */;
}
